version = 1
revision = 3
requires-python = ">=3.13"

[[package]]
name = "bloom-filter"
version = "0.1.0"
source = { virtual = "." }
dependencies = [
    { name = "mmh3" },
]

[package.metadata]
requires-dist = [{ name = "mmh3", specifier = ">=5.2.1" }]

[[package]]
name = "mmh3"
version = "5.2.1"
source = { registry = "https://pypi.org/simple" }
sdist = { url = "https://files.pythonhosted.org/packages/91/1a/edb23803a168f070ded7a3014c6d706f63b90c84ccc024f89d794a3b7a6d/mmh3-5.2.1.tar.gz", hash = "sha256:bbea5b775f0ac84945191fb83f845a6fd9a21a03ea7f2e187defac7e401616ad", size = 33775, upload-time = "2026-03-05T15:55:57.716Z" }
wheels = [
    { url = "https://files.pythonhosted.org/packages/25/a5/9daa0508a1569a54130f6198d5462a92deda870043624aa3ea72721aa765/mmh3-5.2.1-cp313-cp313-android_21_arm64_v8a.whl", hash = "sha256:723b2681ed4cc07d3401bbea9c201ad4f2a4ca6ba8cddaff6789f715dd2b391e", size = 40832, upload-time = "2026-03-05T15:54:43.212Z" },
    { url = "https://files.pythonhosted.org/packages/0a/6b/3230c6d80c1f4b766dedf280a92c2241e99f87c1504ff74205ec8cebe451/mmh3-5.2.1-cp313-cp313-android_21_x86_64.whl", hash = "sha256:3619473a0e0d329fd4aec8075628f8f616be2da41605300696206d6f36920c3d", size = 41964, upload-time = "2026-03-05T15:54:44.204Z" },
    { url = "https://files.pythonhosted.org/packages/62/fb/648bfddb74a872004b6ee751551bfdda783fe6d70d2e9723bad84dbe5311/mmh3-5.2.1-cp313-cp313-ios_13_0_arm64_iphoneos.whl", hash = "sha256:e48d4dbe0f88e53081da605ae68644e5182752803bbc2beb228cca7f1c4454d6", size = 39114, upload-time = "2026-03-05T15:54:45.205Z" },
    { url = "https://files.pythonhosted.org/packages/95/c2/ab7901f87af438468b496728d11264cb397b3574d41506e71b92128e0373/mmh3-5.2.1-cp313-cp313-ios_13_0_arm64_iphonesimulator.whl", hash = "sha256:a482ac121de6973897c92c2f31defc6bafb11c83825109275cffce54bb64933f", size = 39819, upload-time = "2026-03-05T15:54:46.509Z" },
    { url = "https://files.pythonhosted.org/packages/2f/ed/6f88dda0df67de1612f2e130ffea34cf84aaee5bff5b0aff4dbff2babe34/mmh3-5.2.1-cp313-cp313-ios_13_0_x86_64_iphonesimulator.whl", hash = "sha256:17fbb47f0885ace8327ce1235d0416dc86a211dcd8cc1e703f41523be32cfec8", size = 40330, upload-time = "2026-03-05T15:54:47.864Z" },
    { url = "https://files.pythonhosted.org/packages/3d/66/7516d23f53cdf90f43fce24ab80c28f45e6851d78b46bef8c02084edf583/mmh3-5.2.1-cp313-cp313-macosx_10_13_universal2.whl", hash = "sha256:d51fde50a77f81330523562e3c2734ffdca9c4c9e9d355478117905e1cfe16c6", size = 56078, upload-time = "2026-03-05T15:54:48.9Z" },
    { url = "https://files.pythonhosted.org/packages/bc/34/4d152fdf4a91a132cb226b671f11c6b796eada9ab78080fb5ce1e95adaab/mmh3-5.2.1-cp313-cp313-macosx_10_13_x86_64.whl", hash = "sha256:19bbd3b841174ae6ed588536ab5e1b1fe83d046e668602c20266547298d939a9", size = 40498, upload-time = "2026-03-05T15:54:49.942Z" },
    { url = "https://files.pythonhosted.org/packages/d4/4c/8e3af1b6d85a299767ec97bd923f12b06267089c1472c27c1696870d1175/mmh3-5.2.1-cp313-cp313-macosx_11_0_arm64.whl", hash = "sha256:be77c402d5e882b6fbacfd90823f13da8e0a69658405a39a569c6b58fdb17b03", size = 40033, upload-time = "2026-03-05T15:54:50.994Z" },
    { url = "https://files.pythonhosted.org/packages/8b/f2/966ea560e32578d453c9e9db53d602cbb1d0da27317e232afa7c38ceba11/mmh3-5.2.1-cp313-cp313-manylinux1_i686.manylinux_2_28_i686.manylinux_2_5_i686.whl", hash = "sha256:fd96476f04db5ceba1cfa0f21228f67c1f7402296f0e73fee3513aa680ad237b", size = 97320, upload-time = "2026-03-05T15:54:52.072Z" },
    { url = "https://files.pythonhosted.org/packages/bb/0d/2c5f9893b38aeb6b034d1a44ecd55a010148054f6a516abe53b5e4057297/mmh3-5.2.1-cp313-cp313-manylinux1_x86_64.manylinux_2_28_x86_64.manylinux_2_5_x86_64.whl", hash = "sha256:707151644085dd0f20fe4f4b573d28e5130c4aaa5f587e95b60989c5926653b5", size = 103299, upload-time = "2026-03-05T15:54:53.569Z" },
    { url = "https://files.pythonhosted.org/packages/1c/fc/2ebaef4a4d4376f89761274dc274035ffd96006ab496b4ee5af9b08f21a9/mmh3-5.2.1-cp313-cp313-manylinux2014_aarch64.manylinux_2_17_aarch64.manylinux_2_28_aarch64.whl", hash = "sha256:3737303ca9ea0f7cb83028781148fcda4f1dac7821db0c47672971dabcf63593", size = 106222, upload-time = "2026-03-05T15:54:55.092Z" },
    { url = "https://files.pythonhosted.org/packages/57/09/ea7ffe126d0ba0406622602a2d05e1e1a6841cc92fc322eb576c95b27fad/mmh3-5.2.1-cp313-cp313-manylinux2014_ppc64le.manylinux_2_17_ppc64le.manylinux_2_28_ppc64le.whl", hash = "sha256:2778fed822d7db23ac5008b181441af0c869455b2e7d001f4019636ac31b6fe4", size = 113048, upload-time = "2026-03-05T15:54:56.305Z" },
    { url = "https://files.pythonhosted.org/packages/85/57/9447032edf93a64aa9bef4d9aa596400b1756f40411890f77a284f6293ca/mmh3-5.2.1-cp313-cp313-manylinux2014_s390x.manylinux_2_17_s390x.manylinux_2_28_s390x.whl", hash = "sha256:d57dea657357230cc780e13920d7fa7db059d58fe721c80020f94476da4ca0a1", size = 120742, upload-time = "2026-03-05T15:54:57.453Z" },
    { url = "https://files.pythonhosted.org/packages/53/82/a86cc87cc88c92e9e1a598fee509f0409435b57879a6129bf3b3e40513c7/mmh3-5.2.1-cp313-cp313-musllinux_1_2_aarch64.whl", hash = "sha256:169e0d178cb59314456ab30772429a802b25d13227088085b0d49b9fe1533104", size = 99132, upload-time = "2026-03-05T15:54:58.583Z" },
    { url = "https://files.pythonhosted.org/packages/54/f7/6b16eb1b40ee89bb740698735574536bc20d6cdafc65ae702ea235578e05/mmh3-5.2.1-cp313-cp313-musllinux_1_2_i686.whl", hash = "sha256:7e4e1f580033335c6f76d1e0d6b56baf009d1a64d6a4816347e4271ba951f46d", size = 98686, upload-time = "2026-03-05T15:55:00.078Z" },
    { url = "https://files.pythonhosted.org/packages/e8/88/a601e9f32ad1410f438a6d0544298ea621f989bd34a0731a7190f7dec799/mmh3-5.2.1-cp313-cp313-musllinux_1_2_ppc64le.whl", hash = "sha256:2bd9f19f7f1fcebd74e830f4af0f28adad4975d40d80620be19ffb2b2af56c9f", size = 106479, upload-time = "2026-03-05T15:55:01.532Z" },
    { url = "https://files.pythonhosted.org/packages/d6/5c/ce29ae3dfc4feec4007a437a1b7435fb9507532a25147602cd5b52be86db/mmh3-5.2.1-cp313-cp313-musllinux_1_2_s390x.whl", hash = "sha256:c88653877aeb514c089d1b3d473451677b8b9a6d1497dbddf1ae7934518b06d2", size = 110030, upload-time = "2026-03-05T15:55:02.934Z" },
    { url = "https://files.pythonhosted.org/packages/13/30/ae444ef2ff87c805d525da4fa63d27cda4fe8a48e77003a036b8461cfd5c/mmh3-5.2.1-cp313-cp313-musllinux_1_2_x86_64.whl", hash = "sha256:fceef7fe67c81e1585198215e42ad3fdba3a25644beda8fbdaf85f4d7b93175a", size = 97536, upload-time = "2026-03-05T15:55:04.135Z" },
    { url = "https://files.pythonhosted.org/packages/4b/f9/dc3787ee5c813cc27fe79f45ad4500d9b5437f23a7402435cc34e07c7718/mmh3-5.2.1-cp313-cp313-win32.whl", hash = "sha256:54b64fb2433bc71488e7a449603bf8bd31fbcf9cb56fbe1eb6d459e90b86c37b", size = 40769, upload-time = "2026-03-05T15:55:05.277Z" },
    { url = "https://files.pythonhosted.org/packages/43/67/850e0b5a1e97799822ebfc4ca0e8c6ece3ed8baf7dcdf64de817dfdda2ca/mmh3-5.2.1-cp313-cp313-win_amd64.whl", hash = "sha256:cae6383181f1e345317742d2ddd88f9e7d2682fa4c9432e3a74e47d92dce0229", size = 41563, upload-time = "2026-03-05T15:55:06.283Z" },
    { url = "https://files.pythonhosted.org/packages/c0/cc/98c90b28e1da5458e19fbfaf4adb5289208d3bfccd45dd14eab216a2f0bb/mmh3-5.2.1-cp313-cp313-win_arm64.whl", hash = "sha256:022aa1a528604e6c83d0a7705fdef0b5355d897a9e0fa3a8d26709ceaa06965d", size = 39310, upload-time = "2026-03-05T15:55:07.323Z" },
    { url = "https://files.pythonhosted.org/packages/63/b4/65bc1fb2bb7f83e91c30865023b1847cf89a5f237165575e8c83aa536584/mmh3-5.2.1-cp314-cp314-android_24_arm64_v8a.whl", hash = "sha256:d771f085fcdf4035786adfb1d8db026df1eb4b41dac1c3d070d1e49512843227", size = 40794, upload-time = "2026-03-05T15:55:09.773Z" },
    { url = "https://files.pythonhosted.org/packages/c4/86/7168b3d83be8eb553897b1fac9da8bbb06568e5cfe555ffc329ebb46f59d/mmh3-5.2.1-cp314-cp314-android_24_x86_64.whl", hash = "sha256:7f196cd7910d71e9d9860da0ff7a77f64d22c1ad931f1dd18559a06e03109fc0", size = 41923, upload-time = "2026-03-05T15:55:10.924Z" },
    { url = "https://files.pythonhosted.org/packages/bf/9b/b653ab611c9060ce8ff0ba25c0226757755725e789292f3ca138a58082cd/mmh3-5.2.1-cp314-cp314-ios_13_0_arm64_iphoneos.whl", hash = "sha256:b1f12bd684887a0a5d55e6363ca87056f361e45451105012d329b86ec19dbe0b", size = 39131, upload-time = "2026-03-05T15:55:11.961Z" },
    { url = "https://files.pythonhosted.org/packages/9b/b4/5a2e0d34ab4d33543f01121e832395ea510132ea8e52cdf63926d9d81754/mmh3-5.2.1-cp314-cp314-ios_13_0_arm64_iphonesimulator.whl", hash = "sha256:d106493a60dcb4aef35a0fac85105e150a11cf8bc2b0d388f5a33272d756c966", size = 39825, upload-time = "2026-03-05T15:55:13.013Z" },
    { url = "https://files.pythonhosted.org/packages/bd/69/81699a8f39a3f8d368bec6443435c0c392df0d200ad915bf0d222b588e03/mmh3-5.2.1-cp314-cp314-ios_13_0_x86_64_iphonesimulator.whl", hash = "sha256:44983e45310ee5b9f73397350251cdf6e63a466406a105f1d16cb5baa659270b", size = 40344, upload-time = "2026-03-05T15:55:14.026Z" },
    { url = "https://files.pythonhosted.org/packages/0c/b3/71c8c775807606e8fd8acc5c69016e1caf3200d50b50b6dd4b40ce10b76c/mmh3-5.2.1-cp314-cp314-macosx_10_15_universal2.whl", hash = "sha256:368625fb01666655985391dbad3860dc0ba7c0d6b9125819f3121ee7292b4ac8", size = 56291, upload-time = "2026-03-05T15:55:15.137Z" },
    { url = "https://files.pythonhosted.org/packages/6f/75/2c24517d4b2ce9e4917362d24f274d3d541346af764430249ddcc4cb3a08/mmh3-5.2.1-cp314-cp314-macosx_10_15_x86_64.whl", hash = "sha256:72d1cc63bcc91e14933f77d51b3df899d6a07d184ec515ea7f56bff659e124d7", size = 40575, upload-time = "2026-03-05T15:55:16.518Z" },
    { url = "https://files.pythonhosted.org/packages/bf/b9/e4a360164365ac9f07a25f0f7928e3a66eb9ecc989384060747aa170e6aa/mmh3-5.2.1-cp314-cp314-macosx_11_0_arm64.whl", hash = "sha256:e8b4b5580280b9265af3e0409974fb79c64cf7523632d03fbf11df18f8b0181e", size = 40052, upload-time = "2026-03-05T15:55:17.735Z" },
    { url = "https://files.pythonhosted.org/packages/97/ca/120d92223a7546131bbbc31c9174168ee7a73b1366f5463ffe69d9e691fe/mmh3-5.2.1-cp314-cp314-manylinux1_i686.manylinux_2_28_i686.manylinux_2_5_i686.whl", hash = "sha256:4cbbde66f1183db040daede83dd86c06d663c5bb2af6de1142b7c8c37923dd74", size = 97311, upload-time = "2026-03-05T15:55:18.959Z" },
    { url = "https://files.pythonhosted.org/packages/b6/71/c1a60c1652b8813ef9de6d289784847355417ee0f2980bca002fe87f4ae5/mmh3-5.2.1-cp314-cp314-manylinux1_x86_64.manylinux_2_28_x86_64.manylinux_2_5_x86_64.whl", hash = "sha256:8ff038d52ef6aa0f309feeba00c5095c9118d0abf787e8e8454d6048db2037fc", size = 103279, upload-time = "2026-03-05T15:55:20.448Z" },
    { url = "https://files.pythonhosted.org/packages/48/29/ad97f4be1509cdcb28ae32c15593ce7c415db47ace37f8fad35b493faa9a/mmh3-5.2.1-cp314-cp314-manylinux2014_aarch64.manylinux_2_17_aarch64.manylinux_2_28_aarch64.whl", hash = "sha256:a4130d0b9ce5fad6af07421b1aecc7e079519f70d6c05729ab871794eded8617", size = 106290, upload-time = "2026-03-05T15:55:21.6Z" },
    { url = "https://files.pythonhosted.org/packages/77/29/1f86d22e281bd8827ba373600a4a8b0c0eae5ca6aa55b9a8c26d2a34decc/mmh3-5.2.1-cp314-cp314-manylinux2014_ppc64le.manylinux_2_17_ppc64le.manylinux_2_28_ppc64le.whl", hash = "sha256:f6e0bfe77d238308839699944164b96a2eeccaf55f2af400f54dc20669d8d5f2", size = 113116, upload-time = "2026-03-05T15:55:22.826Z" },
    { url = "https://files.pythonhosted.org/packages/a7/7c/339971ea7ed4c12d98f421f13db3ea576a9114082ccb59d2d1a0f00ccac1/mmh3-5.2.1-cp314-cp314-manylinux2014_s390x.manylinux_2_17_s390x.manylinux_2_28_s390x.whl", hash = "sha256:f963eafc0a77a6c0562397da004f5876a9bcf7265a7bcc3205e29636bc4a1312", size = 120740, upload-time = "2026-03-05T15:55:24.3Z" },
    { url = "https://files.pythonhosted.org/packages/e4/92/3c7c4bdb8e926bb3c972d1e2907d77960c1c4b250b41e8366cf20c6e4373/mmh3-5.2.1-cp314-cp314-musllinux_1_2_aarch64.whl", hash = "sha256:92883836caf50d5255be03d988d75bc93e3f86ba247b7ca137347c323f731deb", size = 99143, upload-time = "2026-03-05T15:55:25.456Z" },
    { url = "https://files.pythonhosted.org/packages/df/0a/33dd8706e732458c8375eae63c981292de07a406bad4ec03e5269654aa2c/mmh3-5.2.1-cp314-cp314-musllinux_1_2_i686.whl", hash = "sha256:57b52603e89355ff318025dd55158f6e71396c0f1f609d548e9ea9c94cc6ce0a", size = 98703, upload-time = "2026-03-05T15:55:26.723Z" },
    { url = "https://files.pythonhosted.org/packages/51/04/76bbce05df76cbc3d396f13b2ea5b1578ef02b6a5187e132c6c33f99d596/mmh3-5.2.1-cp314-cp314-musllinux_1_2_ppc64le.whl", hash = "sha256:f40a95186a72fa0b67d15fef0f157bfcda00b4f59c8a07cbe5530d41ac35d105", size = 106484, upload-time = "2026-03-05T15:55:28.214Z" },
    { url = "https://files.pythonhosted.org/packages/d3/8f/c6e204a2c70b719c1f62ffd9da27aef2dddcba875ea9c31ca0e87b975a46/mmh3-5.2.1-cp314-cp314-musllinux_1_2_s390x.whl", hash = "sha256:58370d05d033ee97224c81263af123dea3d931025030fd34b61227a768a8858a", size = 110012, upload-time = "2026-03-05T15:55:29.532Z" },
    { url = "https://files.pythonhosted.org/packages/e3/37/7181efd8e39db386c1ebc3e6b7d1f702a09d7c1197a6f2742ed6b5c16597/mmh3-5.2.1-cp314-cp314-musllinux_1_2_x86_64.whl", hash = "sha256:7be6dfb49e48fd0a7d91ff758a2b51336f1cd21f9d44b20f6801f072bd080cdd", size = 97508, upload-time = "2026-03-05T15:55:31.01Z" },
    { url = "https://files.pythonhosted.org/packages/42/0f/afa7ca2615fd85e1469474bb860e381443d0b868c083b62b41cb1d7ca32f/mmh3-5.2.1-cp314-cp314-win32.whl", hash = "sha256:54fe8518abe06a4c3852754bfd498b30cc58e667f376c513eac89a244ce781a4", size = 41387, upload-time = "2026-03-05T15:55:32.403Z" },
    { url = "https://files.pythonhosted.org/packages/71/0d/46d42a260ee1357db3d486e6c7a692e303c017968e14865e00efa10d09fc/mmh3-5.2.1-cp314-cp314-win_amd64.whl", hash = "sha256:3f796b535008708846044c43302719c6956f39ca2d93f2edda5319e79a29efbb", size = 42101, upload-time = "2026-03-05T15:55:33.646Z" },
    { url = "https://files.pythonhosted.org/packages/a4/7b/848a8378059d96501a41159fca90d6a99e89736b0afbe8e8edffeac8c74b/mmh3-5.2.1-cp314-cp314-win_arm64.whl", hash = "sha256:cd471ede0d802dd936b6fab28188302b2d497f68436025857ca72cd3810423fe", size = 39836, upload-time = "2026-03-05T15:55:35.026Z" },
    { url = "https://files.pythonhosted.org/packages/27/61/1dabea76c011ba8547c25d30c91c0ec22544487a8750997a27a0c9e1180b/mmh3-5.2.1-cp314-cp314t-macosx_10_15_universal2.whl", hash = "sha256:5174a697ce042fa77c407e05efe41e03aa56dae9ec67388055820fb48cf4c3ba", size = 57727, upload-time = "2026-03-05T15:55:36.162Z" },
    { url = "https://files.pythonhosted.org/packages/b7/32/731185950d1cf2d5e28979cc8593016ba1619a295faba10dda664a4931b5/mmh3-5.2.1-cp314-cp314t-macosx_10_15_x86_64.whl", hash = "sha256:0a3984146e414684a6be2862d84fcb1035f4984851cb81b26d933bab6119bf00", size = 41308, upload-time = "2026-03-05T15:55:37.254Z" },
    { url = "https://files.pythonhosted.org/packages/76/aa/66c76801c24b8c9418b4edde9b5e57c75e72c94e29c48f707e3962534f18/mmh3-5.2.1-cp314-cp314t-macosx_11_0_arm64.whl", hash = "sha256:bd6e7d363aa93bd3421b30b6af97064daf47bc96005bddba67c5ffbc6df426b8", size = 40758, upload-time = "2026-03-05T15:55:38.61Z" },
    { url = "https://files.pythonhosted.org/packages/9e/bb/79a1f638a02f0ae389f706d13891e2fbf7d8c0a22ecde67ba828951bb60a/mmh3-5.2.1-cp314-cp314t-manylinux1_i686.manylinux_2_28_i686.manylinux_2_5_i686.whl", hash = "sha256:113f78e7463a36dbbcea05bfe688efd7fa759d0f0c56e73c974d60dcfec3dfcc", size = 109670, upload-time = "2026-03-05T15:55:40.13Z" },
    { url = "https://files.pythonhosted.org/packages/26/94/8cd0e187a288985bcfc79bf5144d1d712df9dee74365f59d26e3a1865be6/mmh3-5.2.1-cp314-cp314t-manylinux1_x86_64.manylinux_2_28_x86_64.manylinux_2_5_x86_64.whl", hash = "sha256:7e8ec5f606e0809426d2440e0683509fb605a8820a21ebd120dcdba61b74ef7f", size = 117399, upload-time = "2026-03-05T15:55:42.076Z" },
    { url = "https://files.pythonhosted.org/packages/42/94/dfea6059bd5c5beda565f58a4096e43f4858fb6d2862806b8bbd12cbb284/mmh3-5.2.1-cp314-cp314t-manylinux2014_aarch64.manylinux_2_17_aarch64.manylinux_2_28_aarch64.whl", hash = "sha256:22b0f9971ec4e07e8223f2beebe96a6cfc779d940b6f27d26604040dd74d3a44", size = 120386, upload-time = "2026-03-05T15:55:43.481Z" },
    { url = "https://files.pythonhosted.org/packages/47/cb/f9c45e62aaa67220179f487772461d891bb582bb2f9783c944832c60efd9/mmh3-5.2.1-cp314-cp314t-manylinux2014_ppc64le.manylinux_2_17_ppc64le.manylinux_2_28_ppc64le.whl", hash = "sha256:85ffc9920ffc39c5eee1e3ac9100c913a0973996fbad5111f939bbda49204bb7", size = 125924, upload-time = "2026-03-05T15:55:44.638Z" },
    { url = "https://files.pythonhosted.org/packages/a5/83/fe54a4a7c11bc9f623dfc1707decd034245602b076dfc1dcc771a4163170/mmh3-5.2.1-cp314-cp314t-manylinux2014_s390x.manylinux_2_17_s390x.manylinux_2_28_s390x.whl", hash = "sha256:7aec798c2b01aaa65a55f1124f3405804184373abb318a3091325aece235f67c", size = 135280, upload-time = "2026-03-05T15:55:45.866Z" },
    { url = "https://files.pythonhosted.org/packages/97/67/fe7e9e9c143daddd210cd22aef89cbc425d58ecf238d2b7d9eb0da974105/mmh3-5.2.1-cp314-cp314t-musllinux_1_2_aarch64.whl", hash = "sha256:55dbbd8ffbc40d1697d5e2d0375b08599dae8746b0b08dea05eee4ce81648fac", size = 110050, upload-time = "2026-03-05T15:55:47.074Z" },
    { url = "https://files.pythonhosted.org/packages/43/c4/6d4b09fcbef80794de447c9378e39eefc047156b290fa3dd2d5257ca8227/mmh3-5.2.1-cp314-cp314t-musllinux_1_2_i686.whl", hash = "sha256:6c85c38a279ca9295a69b9b088a2e48aa49737bb1b34e6a9dc6297c110e8d912", size = 111158, upload-time = "2026-03-05T15:55:48.239Z" },
    { url = "https://files.pythonhosted.org/packages/81/a6/ca51c864bdb30524beb055a6d8826db3906af0834ec8c41d097a6e8573d5/mmh3-5.2.1-cp314-cp314t-musllinux_1_2_ppc64le.whl", hash = "sha256:6290289fa5fb4c70fd7f72016e03633d60388185483ff3b162912c81205ae2cf", size = 116890, upload-time = "2026-03-05T15:55:49.405Z" },
    { url = "https://files.pythonhosted.org/packages/cc/04/5a1fe2e2ad843d03e89af25238cbc4f6840a8bb6c4329a98ab694c71deda/mmh3-5.2.1-cp314-cp314t-musllinux_1_2_s390x.whl", hash = "sha256:4fc6cd65dc4d2fdb2625e288939a3566e36127a84811a4913f02f3d5931da52d", size = 123121, upload-time = "2026-03-05T15:55:50.61Z" },
    { url = "https://files.pythonhosted.org/packages/af/4d/3c820c6f4897afd25905270a9f2330a23f77a207ea7356f7aadace7273c0/mmh3-5.2.1-cp314-cp314t-musllinux_1_2_x86_64.whl", hash = "sha256:623f938f6a039536cc02b7582a07a080f13fdfd48f87e63201d92d7e34d09a18", size = 110187, upload-time = "2026-03-05T15:55:52.143Z" },
    { url = "https://files.pythonhosted.org/packages/21/54/1d71cd143752361c0aebef16ad3f55926a6faf7b112d355745c1f8a25f7f/mmh3-5.2.1-cp314-cp314t-win32.whl", hash = "sha256:29bc3973676ae334412efdd367fcd11d036b7be3efc1ce2407ef8676dabfeb82", size = 41934, upload-time = "2026-03-05T15:55:53.564Z" },
    { url = "https://files.pythonhosted.org/packages/9d/e4/63a2a88f31d93dea03947cccc2a076946857e799ea4f7acdecbf43b324aa/mmh3-5.2.1-cp314-cp314t-win_amd64.whl", hash = "sha256:28cfab66577000b9505a0d068c731aee7ca85cd26d4d63881fab17857e0fe1fb", size = 43036, upload-time = "2026-03-05T15:55:55.252Z" },
    { url = "https://files.pythonhosted.org/packages/a0/0f/59204bf136d1201f8d7884cfbaf7498c5b4674e87a4c693f9bde63741ce1/mmh3-5.2.1-cp314-cp314t-win_arm64.whl", hash = "sha256:dfd51b4c56b673dfbc43d7d27ef857dd91124801e2806c69bb45585ce0fa019b", size = 40391, upload-time = "2026-03-05T15:55:56.697Z" },
]
